
Microsoft Visual Studio Solution File, Format Version 12.00
# Visual Studio Version 17
VisualStudioVersion = 17.11.35431.28
MinimumVisualStudioVersion = 10.0.40219.1
Project("{FAE04EC0-301F-11D3-BF4B-00C04F79EFBC}") = "CodePulse.API", "CodePulse.API\CodePulse.API.csproj", "{D3F0B518-659A-4A29-976D-2FD4F064A6B5}"
EndProject
Global
	GlobalSection(SolutionConfigurationPlatforms) = preSolution
		Debug|Any CPU = Debug|Any CPU
		Release|Any CPU = Release|Any CPU
	EndGlobalSection
	GlobalSection(ProjectConfigurationPlatforms) = postSolution
		{D3F0B518-659A-4A29-976D-2FD4F064A6B5}.Debug|Any CPU.ActiveCfg = Debug|Any CPU
		{D3F0B518-659A-4A29-976D-2FD4F064A6B5}.Debug|Any CPU.Build.0 = Debug|Any CPU
		{D3F0B518-659A-4A29-976D-2FD4F064A6B5}.Release|Any CPU.ActiveCfg = Release|Any CPU
		{D3F0B518-659A-4A29-976D-2FD4F064A6B5}.Release|Any CPU.Build.0 = Release|Any CPU
	EndGlobalSection
	GlobalSection(SolutionProperties) = preSolution
		HideSolutionNode = FALSE
	EndGlobalSection
	GlobalSection(ExtensibilityGlobals) = postSolution
		SolutionGuid = {FA1F4396-88B3-43F7-BD87-181EC6F11B28}
	EndGlobalSection
EndGlobal
